{
  "object": {
    "pins": [
      {
        "package": "XMLCoder",
        "repositoryURL": "https://github.com/jsbean/XMLCoder",
        "state": {
          "branch": "master",
          "revision": "51c791f9523ce78efd742067fb32f29214d3082a",
          "version": null
        }
      }
    ]
  },
  "version": 1
}
