{
  "object": {
    "pins": [
      {
        "package": "XMLCoder",
        "repositoryURL": "https://github.com/jsbean/XMLCoder",
        "state": {
          "branch": "master",
          "revision": "6a07cba247cd454f3516487e6019250313b6d072",
          "version": null
        }
      }
    ]
  },
  "version": 1
}
