{
  "object": {
    "pins": [
      {
        "package": "XMLCoder",
        "repositoryURL": "https://github.com/bwetherfield/XMLCoder",
        "state": {
          "branch": "fix-nested-choice-array",
          "revision": "e1470331fcc2ce22a92aebb7c1e056f7938dd46b",
          "version": null
        }
      }
    ]
  },
  "version": 1
}
